// !$*UTF8*$!
{
	archiveVersion = 1;
	classes = {
	};
	objectVersion = 48;
	objects = {

/* Begin PBXBuildFile section */
		3F03969C1EE5693000067A59 /* Answer.swift in Sources */ = {isa = PBXBuildFile; fileRef = 3F03969B1EE5693000067A59 /* Answer.swift */; };
		3F0D64351ED9F3DD000A9177 /* AppDelegate.swift in Sources */ = {isa = PBXBuildFile; fileRef = 3F0D64341ED9F3DD000A9177 /* AppDelegate.swift */; };
		3F0D643D1ED9F3DD000A9177 /* Amateurfunk.xcdatamodeld in Sources */ = {isa = PBXBuildFile; fileRef = 3F0D643B1ED9F3DD000A9177 /* Amateurfunk.xcdatamodeld */; };
		3F0D643F1ED9F3DD000A9177 /* Assets.xcassets in Resources */ = {isa = PBXBuildFile; fileRef = 3F0D643E1ED9F3DD000A9177 /* Assets.xcassets */; };
		3F0D64421ED9F3DD000A9177 /* LaunchScreen.storyboard in Resources */ = {isa = PBXBuildFile; fileRef = 3F0D64401ED9F3DD000A9177 /* LaunchScreen.storyboard */; };
		3F0D644D1ED9F3DD000A9177 /* AmateurfunkTests.swift in Sources */ = {isa = PBXBuildFile; fileRef = 3F0D644C1ED9F3DD000A9177 /* AmateurfunkTests.swift */; };
		3F0D64581ED9F3DD000A9177 /* AmateurfunkUITests.swift in Sources */ = {isa = PBXBuildFile; fileRef = 3F0D64571ED9F3DD000A9177 /* AmateurfunkUITests.swift */; };
		3F1EF7A11F8D704600124D08 /* QuestionProvider.swift in Sources */ = {isa = PBXBuildFile; fileRef = 3F1EF7A01F8D704600124D08 /* QuestionProvider.swift */; };
		3F1EF7A31F8D7A8200124D08 /* QuestionPresenter.swift in Sources */ = {isa = PBXBuildFile; fileRef = 3F1EF7A21F8D7A8200124D08 /* QuestionPresenter.swift */; };
		3F1EF7A51F8D826C00124D08 /* QuestionViewController.swift in Sources */ = {isa = PBXBuildFile; fileRef = 3F1EF7A41F8D826C00124D08 /* QuestionViewController.swift */; };
		3F1EF7A81F8D8EA500124D08 /* QuestionInteractor.swift in Sources */ = {isa = PBXBuildFile; fileRef = 3F1EF7A71F8D8EA500124D08 /* QuestionInteractor.swift */; };
		3F1EF7AA1F8E401700124D08 /* QuizQuestionProvider.swift in Sources */ = {isa = PBXBuildFile; fileRef = 3F1EF7A91F8E401700124D08 /* QuizQuestionProvider.swift */; };
		3F1EF7AC1F8E416B00124D08 /* QuestionRouter.swift in Sources */ = {isa = PBXBuildFile; fileRef = 3F1EF7AB1F8E416B00124D08 /* QuestionRouter.swift */; };
		3F1EF7AE1F8E8E0100124D08 /* MarkedQuestionProvider.swift in Sources */ = {isa = PBXBuildFile; fileRef = 3F1EF7AD1F8E8E0100124D08 /* MarkedQuestionProvider.swift */; };
		3F2172261EDCA60200A5B93C /* ChapterSelectionPresenter.swift in Sources */ = {isa = PBXBuildFile; fileRef = 3F2172251EDCA60200A5B93C /* ChapterSelectionPresenter.swift */; };
		3F21722A1EDCA68900A5B93C /* ChapterSelectionRouter.swift in Sources */ = {isa = PBXBuildFile; fileRef = 3F2172291EDCA68900A5B93C /* ChapterSelectionRouter.swift */; };
		3F46B7B41EFFF08800D8EB6B /* bakom_vorschriften.json in Resources */ = {isa = PBXBuildFile; fileRef = 3F46B7B31EFFF08800D8EB6B /* bakom_vorschriften.json */; };
		3F5C4FEE1F58915D00C96D68 /* SettingsRouter.swift in Sources */ = {isa = PBXBuildFile; fileRef = 3F5C4FED1F58915D00C96D68 /* SettingsRouter.swift */; };
		3F5C4FF01F5892BD00C96D68 /* SetttingsViewController.swift in Sources */ = {isa = PBXBuildFile; fileRef = 3F5C4FEF1F5892BD00C96D68 /* SetttingsViewController.swift */; };
		3F5C4FF21F58956600C96D68 /* SetttingsInteractor.swift in Sources */ = {isa = PBXBuildFile; fileRef = 3F5C4FF11F58956600C96D68 /* SetttingsInteractor.swift */; };
		3F5C4FF41F5895AC00C96D68 /* SetttingsPresenter.swift in Sources */ = {isa = PBXBuildFile; fileRef = 3F5C4FF31F5895AC00C96D68 /* SetttingsPresenter.swift */; };
		3F63A6001F8189FE007236BF /* SnapshotHelper.swift in Sources */ = {isa = PBXBuildFile; fileRef = 3F63A5FE1F818982007236BF /* SnapshotHelper.swift */; };
		3F88792F1F0034C100AF1658 /* FetchRequest.swift in Sources */ = {isa = PBXBuildFile; fileRef = 3F88792E1F0034C100AF1658 /* FetchRequest.swift */; };
		3F8E5D671F533B5200E0DA7E /* MarkedQuestionsViewController.swift in Sources */ = {isa = PBXBuildFile; fileRef = 3F8E5D661F533B5100E0DA7E /* MarkedQuestionsViewController.swift */; };
		3F91D9011F4B0DAC0024D927 /* MarkedQuestionsRouter.swift in Sources */ = {isa = PBXBuildFile; fileRef = 3F91D9001F4B0DAC0024D927 /* MarkedQuestionsRouter.swift */; };
		3F91D9051F4B0ED00024D927 /* MarkedQuestionsInteractor.swift in Sources */ = {isa = PBXBuildFile; fileRef = 3F91D9041F4B0ED00024D927 /* MarkedQuestionsInteractor.swift */; };
		3F91D9071F4B0F950024D927 /* MarkedQuestionsPresenter.swift in Sources */ = {isa = PBXBuildFile; fileRef = 3F91D9061F4B0F950024D927 /* MarkedQuestionsPresenter.swift */; };
		3FC23E511EDB38C0009586C4 /* MenuPresenter.swift in Sources */ = {isa = PBXBuildFile; fileRef = 3FC23E4E1EDB38C0009586C4 /* MenuPresenter.swift */; };
		3FC23E521EDB38C0009586C4 /* MenuRouter.swift in Sources */ = {isa = PBXBuildFile; fileRef = 3FC23E4F1EDB38C0009586C4 /* MenuRouter.swift */; };
		3FC23E531EDB38C0009586C4 /* MenuViewController.swift in Sources */ = {isa = PBXBuildFile; fileRef = 3FC23E501EDB38C0009586C4 /* MenuViewController.swift */; };
		3FC23E561EDB569A009586C4 /* ChapterSelectionViewController.swift in Sources */ = {isa = PBXBuildFile; fileRef = 3FC23E551EDB569A009586C4 /* ChapterSelectionViewController.swift */; };
		3FD60BD41EE32B76005481D0 /* ChapterSelectionInteractor.swift in Sources */ = {isa = PBXBuildFile; fileRef = 3FD60BD31EE32B76005481D0 /* ChapterSelectionInteractor.swift */; };
		3FD60BD61EE32C2E005481D0 /* MenuInteractor.swift in Sources */ = {isa = PBXBuildFile; fileRef = 3FD60BD51EE32C2E005481D0 /* MenuInteractor.swift */; };
		3FD60BDA1EE34241005481D0 /* Chapter.swift in Sources */ = {isa = PBXBuildFile; fileRef = 3FD60BD91EE34241005481D0 /* Chapter.swift */; };
		3FD60BDD1EE342D3005481D0 /* QuestionService.swift in Sources */ = {isa = PBXBuildFile; fileRef = 3FD60BDC1EE342D3005481D0 /* QuestionService.swift */; };
		3FD60BE11EE3581A005481D0 /* Question.swift in Sources */ = {isa = PBXBuildFile; fileRef = 3FD60BE01EE3581A005481D0 /* Question.swift */; };
		3FD6D8851EE468E700407E18 /* ChapterService.swift in Sources */ = {isa = PBXBuildFile; fileRef = 3FD6D8841EE468E700407E18 /* ChapterService.swift */; };
		3FEE761F1EF926E7009504A7 /* Section.swift in Sources */ = {isa = PBXBuildFile; fileRef = 3FEE761E1EF926E7009504A7 /* Section.swift */; };
		3FEE76211EF92B2A009504A7 /* bakom_technik.json in Resources */ = {isa = PBXBuildFile; fileRef = 3FEE76201EF92B2A009504A7 /* bakom_technik.json */; };
		3FEE76251EF94186009504A7 /* ManagedObjectFactory.swift in Sources */ = {isa = PBXBuildFile; fileRef = 3FEE76241EF94186009504A7 /* ManagedObjectFactory.swift */; };
		3FEE76271EF94E2E009504A7 /* CoreDataChapterService.swift in Sources */ = {isa = PBXBuildFile; fileRef = 3FEE76261EF94E2E009504A7 /* CoreDataChapterService.swift */; };
		3FEE76291EF94F05009504A7 /* CoreDataQuestionService.swift in Sources */ = {isa = PBXBuildFile; fileRef = 3FEE76281EF94F05009504A7 /* CoreDataQuestionService.swift */; };
		3FEE762B1EF94FF2009504A7 /* AnswerTableViewCellFactory.swift in Sources */ = {isa = PBXBuildFile; fileRef = 3FEE762A1EF94FF2009504A7 /* AnswerTableViewCellFactory.swift */; };
		3FEE762D1EF95EA2009504A7 /* Random.swift in Sources */ = {isa = PBXBuildFile; fileRef = 3FEE762C1EF95EA2009504A7 /* Random.swift */; };
/* End PBXBuildFile section */

/* Begin PBXContainerItemProxy section */
		3F0D64491ED9F3DD000A9177 /* PBXContainerItemProxy */ = {
			isa = PBXContainerItemProxy;
			containerPortal = 3F0D64291ED9F3DD000A9177 /* Project object */;
			proxyType = 1;
			remoteGlobalIDString = 3F0D64301ED9F3DD000A9177;
			remoteInfo = Amateurfunk;
		};
		3F0D64541ED9F3DD000A9177 /* PBXContainerItemProxy */ = {
			isa = PBXContainerItemProxy;
			containerPortal = 3F0D64291ED9F3DD000A9177 /* Project object */;
			proxyType = 1;
			remoteGlobalIDString = 3F0D64301ED9F3DD000A9177;
			remoteInfo = Amateurfunk;
		};
/* End PBXContainerItemProxy section */

/* Begin PBXCopyFilesBuildPhase section */
		3FEE76221EF92C36009504A7 /* CopyFiles */ = {
			isa = PBXCopyFilesBuildPhase;
			buildActionMask = 12;
			dstPath = "";
			dstSubfolderSpec = 7;
			files = (
			);
			runOnlyForDeploymentPostprocessing = 0;
		};
/* End PBXCopyFilesBuildPhase section */

/* Begin PBXFileReference section */
		3F03969B1EE5693000067A59 /* Answer.swift */ = {isa = PBXFileReference; fileEncoding = 4; lastKnownFileType = sourcecode.swift; path = Answer.swift; sourceTree = "<group>"; };
		3F0D64311ED9F3DD000A9177 /* HB3 Trainer.app */ = {isa = PBXFileReference; explicitFileType = wrapper.application; includeInIndex = 0; path = "HB3 Trainer.app"; sourceTree = BUILT_PRODUCTS_DIR; };
		3F0D64341ED9F3DD000A9177 /* AppDelegate.swift */ = {isa = PBXFileReference; lastKnownFileType = sourcecode.swift; path = AppDelegate.swift; sourceTree = "<group>"; };
		3F0D643C1ED9F3DD000A9177 /* Amateurfunk.xcdatamodel */ = {isa = PBXFileReference; lastKnownFileType = wrapper.xcdatamodel; path = Amateurfunk.xcdatamodel; sourceTree = "<group>"; };
		3F0D643E1ED9F3DD000A9177 /* Assets.xcassets */ = {isa = PBXFileReference; lastKnownFileType = folder.assetcatalog; path = Assets.xcassets; sourceTree = "<group>"; };
		3F0D64411ED9F3DD000A9177 /* Base */ = {isa = PBXFileReference; lastKnownFileType = file.storyboard; name = Base; path = Base.lproj/LaunchScreen.storyboard; sourceTree = "<group>"; };
		3F0D64431ED9F3DD000A9177 /* Info.plist */ = {isa = PBXFileReference; lastKnownFileType = text.plist.xml; path = Info.plist; sourceTree = "<group>"; };
		3F0D64481ED9F3DD000A9177 /* HB3 TrainerTests.xctest */ = {isa = PBXFileReference; explicitFileType = wrapper.cfbundle; includeInIndex = 0; path = "HB3 TrainerTests.xctest"; sourceTree = BUILT_PRODUCTS_DIR; };
		3F0D644C1ED9F3DD000A9177 /* AmateurfunkTests.swift */ = {isa = PBXFileReference; lastKnownFileType = sourcecode.swift; path = AmateurfunkTests.swift; sourceTree = "<group>"; };
		3F0D644E1ED9F3DD000A9177 /* Info.plist */ = {isa = PBXFileReference; lastKnownFileType = text.plist.xml; path = Info.plist; sourceTree = "<group>"; };
		3F0D64531ED9F3DD000A9177 /* HB3 TrainerUITests.xctest */ = {isa = PBXFileReference; explicitFileType = wrapper.cfbundle; includeInIndex = 0; path = "HB3 TrainerUITests.xctest"; sourceTree = BUILT_PRODUCTS_DIR; };
		3F0D64571ED9F3DD000A9177 /* AmateurfunkUITests.swift */ = {isa = PBXFileReference; lastKnownFileType = sourcecode.swift; path = AmateurfunkUITests.swift; sourceTree = "<group>"; };
		3F0D64591ED9F3DD000A9177 /* Info.plist */ = {isa = PBXFileReference; lastKnownFileType = text.plist.xml; path = Info.plist; sourceTree = "<group>"; };
		3F1EF7A01F8D704600124D08 /* QuestionProvider.swift */ = {isa = PBXFileReference; lastKnownFileType = sourcecode.swift; path = QuestionProvider.swift; sourceTree = "<group>"; };
		3F1EF7A21F8D7A8200124D08 /* QuestionPresenter.swift */ = {isa = PBXFileReference; lastKnownFileType = sourcecode.swift; path = QuestionPresenter.swift; sourceTree = "<group>"; };
		3F1EF7A41F8D826C00124D08 /* QuestionViewController.swift */ = {isa = PBXFileReference; lastKnownFileType = sourcecode.swift; path = QuestionViewController.swift; sourceTree = "<group>"; };
		3F1EF7A71F8D8EA500124D08 /* QuestionInteractor.swift */ = {isa = PBXFileReference; lastKnownFileType = sourcecode.swift; path = QuestionInteractor.swift; sourceTree = "<group>"; };
		3F1EF7A91F8E401700124D08 /* QuizQuestionProvider.swift */ = {isa = PBXFileReference; lastKnownFileType = sourcecode.swift; path = QuizQuestionProvider.swift; sourceTree = "<group>"; };
		3F1EF7AB1F8E416B00124D08 /* QuestionRouter.swift */ = {isa = PBXFileReference; lastKnownFileType = sourcecode.swift; path = QuestionRouter.swift; sourceTree = "<group>"; };
		3F1EF7AD1F8E8E0100124D08 /* MarkedQuestionProvider.swift */ = {isa = PBXFileReference; lastKnownFileType = sourcecode.swift; path = MarkedQuestionProvider.swift; sourceTree = "<group>"; };
		3F2172251EDCA60200A5B93C /* ChapterSelectionPresenter.swift */ = {isa = PBXFileReference; fileEncoding = 4; lastKnownFileType = sourcecode.swift; path = ChapterSelectionPresenter.swift; sourceTree = "<group>"; };
		3F2172291EDCA68900A5B93C /* ChapterSelectionRouter.swift */ = {isa = PBXFileReference; fileEncoding = 4; lastKnownFileType = sourcecode.swift; path = ChapterSelectionRouter.swift; sourceTree = "<group>"; };
		3F46B7B31EFFF08800D8EB6B /* bakom_vorschriften.json */ = {isa = PBXFileReference; fileEncoding = 4; lastKnownFileType = text.json; path = bakom_vorschriften.json; sourceTree = "<group>"; };
		3F5C4FED1F58915D00C96D68 /* SettingsRouter.swift */ = {isa = PBXFileReference; lastKnownFileType = sourcecode.swift; path = SettingsRouter.swift; sourceTree = "<group>"; };
		3F5C4FEF1F5892BD00C96D68 /* SetttingsViewController.swift */ = {isa = PBXFileReference; lastKnownFileType = sourcecode.swift; path = SetttingsViewController.swift; sourceTree = "<group>"; };
		3F5C4FF11F58956600C96D68 /* SetttingsInteractor.swift */ = {isa = PBXFileReference; lastKnownFileType = sourcecode.swift; path = SetttingsInteractor.swift; sourceTree = "<group>"; };
		3F5C4FF31F5895AC00C96D68 /* SetttingsPresenter.swift */ = {isa = PBXFileReference; lastKnownFileType = sourcecode.swift; path = SetttingsPresenter.swift; sourceTree = "<group>"; };
		3F63A5FE1F818982007236BF /* SnapshotHelper.swift */ = {isa = PBXFileReference; fileEncoding = 4; lastKnownFileType = sourcecode.swift; path = SnapshotHelper.swift; sourceTree = "<group>"; };
		3F88792E1F0034C100AF1658 /* FetchRequest.swift */ = {isa = PBXFileReference; fileEncoding = 4; lastKnownFileType = sourcecode.swift; path = FetchRequest.swift; sourceTree = "<group>"; };
		3F8E5D661F533B5100E0DA7E /* MarkedQuestionsViewController.swift */ = {isa = PBXFileReference; lastKnownFileType = sourcecode.swift; path = MarkedQuestionsViewController.swift; sourceTree = "<group>"; };
		3F91D9001F4B0DAC0024D927 /* MarkedQuestionsRouter.swift */ = {isa = PBXFileReference; lastKnownFileType = sourcecode.swift; path = MarkedQuestionsRouter.swift; sourceTree = "<group>"; };
		3F91D9041F4B0ED00024D927 /* MarkedQuestionsInteractor.swift */ = {isa = PBXFileReference; lastKnownFileType = sourcecode.swift; path = MarkedQuestionsInteractor.swift; sourceTree = "<group>"; };
		3F91D9061F4B0F950024D927 /* MarkedQuestionsPresenter.swift */ = {isa = PBXFileReference; lastKnownFileType = sourcecode.swift; path = MarkedQuestionsPresenter.swift; sourceTree = "<group>"; };
		3FC23E4E1EDB38C0009586C4 /* MenuPresenter.swift */ = {isa = PBXFileReference; fileEncoding = 4; lastKnownFileType = sourcecode.swift; path = MenuPresenter.swift; sourceTree = "<group>"; };
		3FC23E4F1EDB38C0009586C4 /* MenuRouter.swift */ = {isa = PBXFileReference; fileEncoding = 4; lastKnownFileType = sourcecode.swift; path = MenuRouter.swift; sourceTree = "<group>"; };
		3FC23E501EDB38C0009586C4 /* MenuViewController.swift */ = {isa = PBXFileReference; fileEncoding = 4; lastKnownFileType = sourcecode.swift; path = MenuViewController.swift; sourceTree = "<group>"; };
		3FC23E551EDB569A009586C4 /* ChapterSelectionViewController.swift */ = {isa = PBXFileReference; fileEncoding = 4; lastKnownFileType = sourcecode.swift; path = ChapterSelectionViewController.swift; sourceTree = "<group>"; };
		3FD60BD31EE32B76005481D0 /* ChapterSelectionInteractor.swift */ = {isa = PBXFileReference; fileEncoding = 4; lastKnownFileType = sourcecode.swift; path = ChapterSelectionInteractor.swift; sourceTree = "<group>"; };
		3FD60BD51EE32C2E005481D0 /* MenuInteractor.swift */ = {isa = PBXFileReference; fileEncoding = 4; lastKnownFileType = sourcecode.swift; path = MenuInteractor.swift; sourceTree = "<group>"; };
		3FD60BD91EE34241005481D0 /* Chapter.swift */ = {isa = PBXFileReference; fileEncoding = 4; lastKnownFileType = sourcecode.swift; path = Chapter.swift; sourceTree = "<group>"; };
		3FD60BDC1EE342D3005481D0 /* QuestionService.swift */ = {isa = PBXFileReference; fileEncoding = 4; lastKnownFileType = sourcecode.swift; path = QuestionService.swift; sourceTree = "<group>"; };
		3FD60BE01EE3581A005481D0 /* Question.swift */ = {isa = PBXFileReference; fileEncoding = 4; lastKnownFileType = sourcecode.swift; path = Question.swift; sourceTree = "<group>"; };
		3FD6D8841EE468E700407E18 /* ChapterService.swift */ = {isa = PBXFileReference; fileEncoding = 4; lastKnownFileType = sourcecode.swift; path = ChapterService.swift; sourceTree = "<group>"; };
		3FEE761E1EF926E7009504A7 /* Section.swift */ = {isa = PBXFileReference; fileEncoding = 4; lastKnownFileType = sourcecode.swift; path = Section.swift; sourceTree = "<group>"; };
		3FEE76201EF92B2A009504A7 /* bakom_technik.json */ = {isa = PBXFileReference; fileEncoding = 4; lastKnownFileType = text.json; path = bakom_technik.json; sourceTree = "<group>"; };
		3FEE76241EF94186009504A7 /* ManagedObjectFactory.swift */ = {isa = PBXFileReference; fileEncoding = 4; lastKnownFileType = sourcecode.swift; path = ManagedObjectFactory.swift; sourceTree = "<group>"; };
		3FEE76261EF94E2E009504A7 /* CoreDataChapterService.swift */ = {isa = PBXFileReference; fileEncoding = 4; lastKnownFileType = sourcecode.swift; path = CoreDataChapterService.swift; sourceTree = "<group>"; };
		3FEE76281EF94F05009504A7 /* CoreDataQuestionService.swift */ = {isa = PBXFileReference; fileEncoding = 4; lastKnownFileType = sourcecode.swift; path = CoreDataQuestionService.swift; sourceTree = "<group>"; };
		3FEE762A1EF94FF2009504A7 /* AnswerTableViewCellFactory.swift */ = {isa = PBXFileReference; fileEncoding = 4; lastKnownFileType = sourcecode.swift; path = AnswerTableViewCellFactory.swift; sourceTree = "<group>"; };
		3FEE762C1EF95EA2009504A7 /* Random.swift */ = {isa = PBXFileReference; fileEncoding = 4; lastKnownFileType = sourcecode.swift; path = Random.swift; sourceTree = "<group>"; };
/* End PBXFileReference section */

/* Begin PBXFrameworksBuildPhase section */
		3F0D642E1ED9F3DD000A9177 /* Frameworks */ = {
			isa = PBXFrameworksBuildPhase;
			buildActionMask = 2147483647;
			files = (
			);
			runOnlyForDeploymentPostprocessing = 0;
		};
		3F0D64451ED9F3DD000A9177 /* Frameworks */ = {
			isa = PBXFrameworksBuildPhase;
			buildActionMask = 2147483647;
			files = (
			);
			runOnlyForDeploymentPostprocessing = 0;
		};
		3F0D64501ED9F3DD000A9177 /* Frameworks */ = {
			isa = PBXFrameworksBuildPhase;
			buildActionMask = 2147483647;
			files = (
			);
			runOnlyForDeploymentPostprocessing = 0;
		};
/* End PBXFrameworksBuildPhase section */

/* Begin PBXGroup section */
		3F03969D1EE56F0A00067A59 /* Helpers */ = {
			isa = PBXGroup;
			children = (
				3FEE762A1EF94FF2009504A7 /* AnswerTableViewCellFactory.swift */,
				3FEE762C1EF95EA2009504A7 /* Random.swift */,
				3F88792E1F0034C100AF1658 /* FetchRequest.swift */,
			);
			path = Helpers;
			sourceTree = "<group>";
		};
		3F0D64281ED9F3DD000A9177 = {
			isa = PBXGroup;
			children = (
				3F0D64331ED9F3DD000A9177 /* Amateurfunk */,
				3F0D644B1ED9F3DD000A9177 /* AmateurfunkTests */,
				3F0D64561ED9F3DD000A9177 /* AmateurfunkUITests */,
				3F0D64321ED9F3DD000A9177 /* Products */,
			);
			sourceTree = "<group>";
		};
		3F0D64321ED9F3DD000A9177 /* Products */ = {
			isa = PBXGroup;
			children = (
				3F0D64311ED9F3DD000A9177 /* HB3 Trainer.app */,
				3F0D64481ED9F3DD000A9177 /* HB3 TrainerTests.xctest */,
				3F0D64531ED9F3DD000A9177 /* HB3 TrainerUITests.xctest */,
			);
			name = Products;
			sourceTree = "<group>";
		};
		3F0D64331ED9F3DD000A9177 /* Amateurfunk */ = {
			isa = PBXGroup;
			children = (
				3F1EF79F1F8D701900124D08 /* QuestionProvider */,
				3F86889C1F827395001CD153 /* data */,
				3F0D64431ED9F3DD000A9177 /* Info.plist */,
				3F0D64341ED9F3DD000A9177 /* AppDelegate.swift */,
				3F0D643B1ED9F3DD000A9177 /* Amateurfunk.xcdatamodeld */,
				3F42EF091F093FAA00F91818 /* Views */,
				3F03969D1EE56F0A00067A59 /* Helpers */,
				3FC23E581EDB58C5009586C4 /* Models */,
				3FD60BD71EE341D1005481D0 /* Services */,
				3F0D64651ED9F97A000A9177 /* Screens */,
				3F0D643E1ED9F3DD000A9177 /* Assets.xcassets */,
				3F0D64401ED9F3DD000A9177 /* LaunchScreen.storyboard */,
			);
			path = Amateurfunk;
			sourceTree = "<group>";
		};
		3F0D644B1ED9F3DD000A9177 /* AmateurfunkTests */ = {
			isa = PBXGroup;
			children = (
				3F0D644E1ED9F3DD000A9177 /* Info.plist */,
				3F0D644C1ED9F3DD000A9177 /* AmateurfunkTests.swift */,
			);
			path = AmateurfunkTests;
			sourceTree = "<group>";
		};
		3F0D64561ED9F3DD000A9177 /* AmateurfunkUITests */ = {
			isa = PBXGroup;
			children = (
				3F0D64591ED9F3DD000A9177 /* Info.plist */,
				3F63A5FE1F818982007236BF /* SnapshotHelper.swift */,
				3F0D64571ED9F3DD000A9177 /* AmateurfunkUITests.swift */,
			);
			path = AmateurfunkUITests;
			sourceTree = "<group>";
		};
		3F0D64651ED9F97A000A9177 /* Screens */ = {
			isa = PBXGroup;
			children = (
				3FC23E4D1EDB389E009586C4 /* Menu */,
				3FC23E541EDB5669009586C4 /* ChapterSelection */,
				3F91D8FF1F4B0D720024D927 /* MarkedQuestions */,
				3F5C4FEC1F588EAD00C96D68 /* Settings */,
			);
			path = Screens;
			sourceTree = "<group>";
		};
		3F1EF79F1F8D701900124D08 /* QuestionProvider */ = {
			isa = PBXGroup;
			children = (
				3F1EF7A01F8D704600124D08 /* QuestionProvider.swift */,
				3F1EF7A91F8E401700124D08 /* QuizQuestionProvider.swift */,
				3F1EF7AD1F8E8E0100124D08 /* MarkedQuestionProvider.swift */,
			);
			path = QuestionProvider;
			sourceTree = "<group>";
		};
		3F1EF7A61F8D82DC00124D08 /* Question */ = {
			isa = PBXGroup;
			children = (
				3F1EF7AB1F8E416B00124D08 /* QuestionRouter.swift */,
				3F1EF7A41F8D826C00124D08 /* QuestionViewController.swift */,
				3F1EF7A21F8D7A8200124D08 /* QuestionPresenter.swift */,
				3F1EF7A71F8D8EA500124D08 /* QuestionInteractor.swift */,
			);
			path = Question;
			sourceTree = "<group>";
		};
		3F42EF091F093FAA00F91818 /* Views */ = {
			isa = PBXGroup;
			children = (
				3F1EF7A61F8D82DC00124D08 /* Question */,
			);
			path = Views;
			sourceTree = "<group>";
		};
		3F5C4FEC1F588EAD00C96D68 /* Settings */ = {
			isa = PBXGroup;
			children = (
				3F5C4FED1F58915D00C96D68 /* SettingsRouter.swift */,
				3F5C4FEF1F5892BD00C96D68 /* SetttingsViewController.swift */,
				3F5C4FF11F58956600C96D68 /* SetttingsInteractor.swift */,
				3F5C4FF31F5895AC00C96D68 /* SetttingsPresenter.swift */,
			);
			path = Settings;
			sourceTree = "<group>";
		};
		3F86889C1F827395001CD153 /* data */ = {
			isa = PBXGroup;
			children = (
				3FEE76201EF92B2A009504A7 /* bakom_technik.json */,
				3F46B7B31EFFF08800D8EB6B /* bakom_vorschriften.json */,
			);
			path = data;
			sourceTree = "<group>";
		};
		3F91D8FF1F4B0D720024D927 /* MarkedQuestions */ = {
			isa = PBXGroup;
			children = (
				3F91D9001F4B0DAC0024D927 /* MarkedQuestionsRouter.swift */,
				3F8E5D661F533B5100E0DA7E /* MarkedQuestionsViewController.swift */,
				3F91D9041F4B0ED00024D927 /* MarkedQuestionsInteractor.swift */,
				3F91D9061F4B0F950024D927 /* MarkedQuestionsPresenter.swift */,
			);
			path = MarkedQuestions;
			sourceTree = "<group>";
		};
		3FC23E4D1EDB389E009586C4 /* Menu */ = {
			isa = PBXGroup;
			children = (
				3FC23E4F1EDB38C0009586C4 /* MenuRouter.swift */,
				3FC23E501EDB38C0009586C4 /* MenuViewController.swift */,
				3FD60BD51EE32C2E005481D0 /* MenuInteractor.swift */,
				3FC23E4E1EDB38C0009586C4 /* MenuPresenter.swift */,
			);
			path = Menu;
			sourceTree = "<group>";
		};
		3FC23E541EDB5669009586C4 /* ChapterSelection */ = {
			isa = PBXGroup;
			children = (
				3F2172291EDCA68900A5B93C /* ChapterSelectionRouter.swift */,
				3FC23E551EDB569A009586C4 /* ChapterSelectionViewController.swift */,
				3FD60BD31EE32B76005481D0 /* ChapterSelectionInteractor.swift */,
				3F2172251EDCA60200A5B93C /* ChapterSelectionPresenter.swift */,
			);
			path = ChapterSelection;
			sourceTree = "<group>";
		};
		3FC23E581EDB58C5009586C4 /* Models */ = {
			isa = PBXGroup;
			children = (
				3FEE76241EF94186009504A7 /* ManagedObjectFactory.swift */,
				3FEE761E1EF926E7009504A7 /* Section.swift */,
				3FD60BD91EE34241005481D0 /* Chapter.swift */,
				3FD60BE01EE3581A005481D0 /* Question.swift */,
				3F03969B1EE5693000067A59 /* Answer.swift */,
			);
			path = Models;
			sourceTree = "<group>";
		};
		3FD60BD71EE341D1005481D0 /* Services */ = {
			isa = PBXGroup;
			children = (
				3FD6D8831EE468CD00407E18 /* ChapterService */,
				3FD60BDB1EE342AD005481D0 /* QuestionService */,
			);
			path = Services;
			sourceTree = "<group>";
		};
		3FD60BDB1EE342AD005481D0 /* QuestionService */ = {
			isa = PBXGroup;
			children = (
				3FD60BDC1EE342D3005481D0 /* QuestionService.swift */,
				3FEE76281EF94F05009504A7 /* CoreDataQuestionService.swift */,
			);
			path = QuestionService;
			sourceTree = "<group>";
		};
		3FD6D8831EE468CD00407E18 /* ChapterService */ = {
			isa = PBXGroup;
			children = (
				3FD6D8841EE468E700407E18 /* ChapterService.swift */,
				3FEE76261EF94E2E009504A7 /* CoreDataChapterService.swift */,
			);
			path = ChapterService;
			sourceTree = "<group>";
		};
/* End PBXGroup section */

/* Begin PBXNativeTarget section */
		3F0D64301ED9F3DD000A9177 /* HB3 Trainer */ = {
			isa = PBXNativeTarget;
			buildConfigurationList = 3F0D645C1ED9F3DD000A9177 /* Build configuration list for PBXNativeTarget "HB3 Trainer" */;
			buildPhases = (
				3F0D642D1ED9F3DD000A9177 /* Sources */,
				3F0D642E1ED9F3DD000A9177 /* Frameworks */,
				3F0D642F1ED9F3DD000A9177 /* Resources */,
				3FC23E481EDB1BA0009586C4 /* ShellScript */,
				3FEE76221EF92C36009504A7 /* CopyFiles */,
			);
			buildRules = (
			);
			dependencies = (
			);
			name = "HB3 Trainer";
			productName = Amateurfunk;
			productReference = 3F0D64311ED9F3DD000A9177 /* HB3 Trainer.app */;
			productType = "com.apple.product-type.application";
		};
		3F0D64471ED9F3DD000A9177 /* HB3 TrainerTests */ = {
			isa = PBXNativeTarget;
			buildConfigurationList = 3F0D645F1ED9F3DD000A9177 /* Build configuration list for PBXNativeTarget "HB3 TrainerTests" */;
			buildPhases = (
				3F0D64441ED9F3DD000A9177 /* Sources */,
				3F0D64451ED9F3DD000A9177 /* Frameworks */,
				3F0D64461ED9F3DD000A9177 /* Resources */,
			);
			buildRules = (
			);
			dependencies = (
				3F0D644A1ED9F3DD000A9177 /* PBXTargetDependency */,
			);
			name = "HB3 TrainerTests";
			productName = AmateurfunkTests;
			productReference = 3F0D64481ED9F3DD000A9177 /* HB3 TrainerTests.xctest */;
			productType = "com.apple.product-type.bundle.unit-test";
		};
		3F0D64521ED9F3DD000A9177 /* HB3 TrainerUITests */ = {
			isa = PBXNativeTarget;
			buildConfigurationList = 3F0D64621ED9F3DD000A9177 /* Build configuration list for PBXNativeTarget "HB3 TrainerUITests" */;
			buildPhases = (
				3F0D644F1ED9F3DD000A9177 /* Sources */,
				3F0D64501ED9F3DD000A9177 /* Frameworks */,
				3F0D64511ED9F3DD000A9177 /* Resources */,
			);
			buildRules = (
			);
			dependencies = (
				3F0D64551ED9F3DD000A9177 /* PBXTargetDependency */,
			);
			name = "HB3 TrainerUITests";
			productName = AmateurfunkUITests;
			productReference = 3F0D64531ED9F3DD000A9177 /* HB3 TrainerUITests.xctest */;
			productType = "com.apple.product-type.bundle.ui-testing";
		};
/* End PBXNativeTarget section */

/* Begin PBXProject section */
		3F0D64291ED9F3DD000A9177 /* Project object */ = {
			isa = PBXProject;
			attributes = {
				LastSwiftUpdateCheck = 0830;
				LastUpgradeCheck = 0900;
				ORGANIZATIONNAME = "Jeremy Stucki";
				TargetAttributes = {
					3F0D64301ED9F3DD000A9177 = {
						CreatedOnToolsVersion = 8.3.2;
						LastSwiftMigration = 0900;
						ProvisioningStyle = Automatic;
					};
					3F0D64471ED9F3DD000A9177 = {
						CreatedOnToolsVersion = 8.3.2;
						DevelopmentTeam = HAH73UHZG3;
						LastSwiftMigration = 0900;
						ProvisioningStyle = Automatic;
						TestTargetID = 3F0D64301ED9F3DD000A9177;
					};
					3F0D64521ED9F3DD000A9177 = {
						CreatedOnToolsVersion = 8.3.2;
						DevelopmentTeam = HAH73UHZG3;
						LastSwiftMigration = 0900;
						ProvisioningStyle = Automatic;
						TestTargetID = 3F0D64301ED9F3DD000A9177;
					};
				};
			};
			buildConfigurationList = 3F0D642C1ED9F3DD000A9177 /* Build configuration list for PBXProject "HB3 Trainer" */;
			compatibilityVersion = "Xcode 8.0";
			developmentRegion = English;
			hasScannedForEncodings = 0;
			knownRegions = (
				Base,
			);
			mainGroup = 3F0D64281ED9F3DD000A9177;
			productRefGroup = 3F0D64321ED9F3DD000A9177 /* Products */;
			projectDirPath = "";
			projectRoot = "";
			targets = (
				3F0D64301ED9F3DD000A9177 /* HB3 Trainer */,
				3F0D64471ED9F3DD000A9177 /* HB3 TrainerTests */,
				3F0D64521ED9F3DD000A9177 /* HB3 TrainerUITests */,
			);
		};
/* End PBXProject section */

/* Begin PBXResourcesBuildPhase section */
		3F0D642F1ED9F3DD000A9177 /* Resources */ = {
			isa = PBXResourcesBuildPhase;
			buildActionMask = 2147483647;
			files = (
				3F0D64421ED9F3DD000A9177 /* LaunchScreen.storyboard in Resources */,
				3F46B7B41EFFF08800D8EB6B /* bakom_vorschriften.json in Resources */,
				3F0D643F1ED9F3DD000A9177 /* Assets.xcassets in Resources */,
				3FEE76211EF92B2A009504A7 /* bakom_technik.json in Resources */,
			);
			runOnlyForDeploymentPostprocessing = 0;
		};
		3F0D64461ED9F3DD000A9177 /* Resources */ = {
			isa = PBXResourcesBuildPhase;
			buildActionMask = 2147483647;
			files = (
			);
			runOnlyForDeploymentPostprocessing = 0;
		};
		3F0D64511ED9F3DD000A9177 /* Resources */ = {
			isa = PBXResourcesBuildPhase;
			buildActionMask = 2147483647;
			files = (
			);
			runOnlyForDeploymentPostprocessing = 0;
		};
/* End PBXResourcesBuildPhase section */

/* Begin PBXShellScriptBuildPhase section */
		3FC23E481EDB1BA0009586C4 /* ShellScript */ = {
			isa = PBXShellScriptBuildPhase;
			buildActionMask = 2147483647;
			files = (
			);
			inputPaths = (
			);
			outputPaths = (
			);
			runOnlyForDeploymentPostprocessing = 0;
			shellPath = /bin/sh;
			shellScript = "swiftlint autocorrect && swiftlint";
		};
/* End PBXShellScriptBuildPhase section */

/* Begin PBXSourcesBuildPhase section */
		3F0D642D1ED9F3DD000A9177 /* Sources */ = {
			isa = PBXSourcesBuildPhase;
			buildActionMask = 2147483647;
			files = (
				3F91D9071F4B0F950024D927 /* MarkedQuestionsPresenter.swift in Sources */,
				3FEE76271EF94E2E009504A7 /* CoreDataChapterService.swift in Sources */,
				3F8E5D671F533B5200E0DA7E /* MarkedQuestionsViewController.swift in Sources */,
				3F21722A1EDCA68900A5B93C /* ChapterSelectionRouter.swift in Sources */,
				3F1EF7A31F8D7A8200124D08 /* QuestionPresenter.swift in Sources */,
				3F03969C1EE5693000067A59 /* Answer.swift in Sources */,
				3FC23E561EDB569A009586C4 /* ChapterSelectionViewController.swift in Sources */,
				3F88792F1F0034C100AF1658 /* FetchRequest.swift in Sources */,
				3F1EF7A81F8D8EA500124D08 /* QuestionInteractor.swift in Sources */,
				3F1EF7AA1F8E401700124D08 /* QuizQuestionProvider.swift in Sources */,
				3F5C4FF01F5892BD00C96D68 /* SetttingsViewController.swift in Sources */,
				3F0D643D1ED9F3DD000A9177 /* Amateurfunk.xcdatamodeld in Sources */,
				3FD60BD61EE32C2E005481D0 /* MenuInteractor.swift in Sources */,
				3F91D9011F4B0DAC0024D927 /* MarkedQuestionsRouter.swift in Sources */,
				3F1EF7A51F8D826C00124D08 /* QuestionViewController.swift in Sources */,
				3FD6D8851EE468E700407E18 /* ChapterService.swift in Sources */,
				3FD60BE11EE3581A005481D0 /* Question.swift in Sources */,
				3F2172261EDCA60200A5B93C /* ChapterSelectionPresenter.swift in Sources */,
				3FC23E531EDB38C0009586C4 /* MenuViewController.swift in Sources */,
				3F0D64351ED9F3DD000A9177 /* AppDelegate.swift in Sources */,
				3F1EF7AC1F8E416B00124D08 /* QuestionRouter.swift in Sources */,
				3F5C4FF21F58956600C96D68 /* SetttingsInteractor.swift in Sources */,
				3FEE76291EF94F05009504A7 /* CoreDataQuestionService.swift in Sources */,
				3F5C4FEE1F58915D00C96D68 /* SettingsRouter.swift in Sources */,
				3FEE761F1EF926E7009504A7 /* Section.swift in Sources */,
				3FC23E521EDB38C0009586C4 /* MenuRouter.swift in Sources */,
				3FC23E511EDB38C0009586C4 /* MenuPresenter.swift in Sources */,
				3F5C4FF41F5895AC00C96D68 /* SetttingsPresenter.swift in Sources */,
				3FD60BDD1EE342D3005481D0 /* QuestionService.swift in Sources */,
				3FEE76251EF94186009504A7 /* ManagedObjectFactory.swift in Sources */,
				3FD60BD41EE32B76005481D0 /* ChapterSelectionInteractor.swift in Sources */,
				3F91D9051F4B0ED00024D927 /* MarkedQuestionsInteractor.swift in Sources */,
				3FD60BDA1EE34241005481D0 /* Chapter.swift in Sources */,
				3FEE762B1EF94FF2009504A7 /* AnswerTableViewCellFactory.swift in Sources */,
				3F1EF7A11F8D704600124D08 /* QuestionProvider.swift in Sources */,
				3F1EF7AE1F8E8E0100124D08 /* MarkedQuestionProvider.swift in Sources */,
				3FEE762D1EF95EA2009504A7 /* Random.swift in Sources */,
			);
			runOnlyForDeploymentPostprocessing = 0;
		};
		3F0D64441ED9F3DD000A9177 /* Sources */ = {
			isa = PBXSourcesBuildPhase;
			buildActionMask = 2147483647;
			files = (
				3F0D644D1ED9F3DD000A9177 /* AmateurfunkTests.swift in Sources */,
			);
			runOnlyForDeploymentPostprocessing = 0;
		};
		3F0D644F1ED9F3DD000A9177 /* Sources */ = {
			isa = PBXSourcesBuildPhase;
			buildActionMask = 2147483647;
			files = (
				3F63A6001F8189FE007236BF /* SnapshotHelper.swift in Sources */,
				3F0D64581ED9F3DD000A9177 /* AmateurfunkUITests.swift in Sources */,
			);
			runOnlyForDeploymentPostprocessing = 0;
		};
/* End PBXSourcesBuildPhase section */

/* Begin PBXTargetDependency section */
		3F0D644A1ED9F3DD000A9177 /* PBXTargetDependency */ = {
			isa = PBXTargetDependency;
			target = 3F0D64301ED9F3DD000A9177 /* HB3 Trainer */;
			targetProxy = 3F0D64491ED9F3DD000A9177 /* PBXContainerItemProxy */;
		};
		3F0D64551ED9F3DD000A9177 /* PBXTargetDependency */ = {
			isa = PBXTargetDependency;
			target = 3F0D64301ED9F3DD000A9177 /* HB3 Trainer */;
			targetProxy = 3F0D64541ED9F3DD000A9177 /* PBXContainerItemProxy */;
		};
/* End PBXTargetDependency section */

/* Begin PBXVariantGroup section */
		3F0D64401ED9F3DD000A9177 /* LaunchScreen.storyboard */ = {
			isa = PBXVariantGroup;
			children = (
				3F0D64411ED9F3DD000A9177 /* Base */,
			);
			name = LaunchScreen.storyboard;
			sourceTree = "<group>";
		};
/* End PBXVariantGroup section */

/* Begin XCBuildConfiguration section */
		3F0D645A1ED9F3DD000A9177 /* Debug */ = {
			isa = XCBuildConfiguration;
			buildSettings = {
				ALWAYS_SEARCH_USER_PATHS = NO;
				CLANG_ANALYZER_NONNULL = YES;
				CLANG_ANALYZER_NUMBER_OBJECT_CONVERSION = YES_AGGRESSIVE;
				CLANG_CXX_LANGUAGE_STANDARD = "gnu++0x";
				CLANG_CXX_LIBRARY = "libc++";
				CLANG_ENABLE_MODULES = YES;
				CLANG_ENABLE_OBJC_ARC = YES;
				CLANG_WARN_BLOCK_CAPTURE_AUTORELEASING = YES;
				CLANG_WARN_BOOL_CONVERSION = YES;
				CLANG_WARN_COMMA = YES;
				CLANG_WARN_CONSTANT_CONVERSION = YES;
				CLANG_WARN_DIRECT_OBJC_ISA_USAGE = YES_ERROR;
				CLANG_WARN_DOCUMENTATION_COMMENTS = YES;
				CLANG_WARN_EMPTY_BODY = YES;
				CLANG_WARN_ENUM_CONVERSION = YES;
				CLANG_WARN_INFINITE_RECURSION = YES;
				CLANG_WARN_INT_CONVERSION = YES;
				CLANG_WARN_NON_LITERAL_NULL_CONVERSION = YES;
				CLANG_WARN_OBJC_LITERAL_CONVERSION = YES;
				CLANG_WARN_OBJC_ROOT_CLASS = YES_ERROR;
				CLANG_WARN_RANGE_LOOP_ANALYSIS = YES;
				CLANG_WARN_STRICT_PROTOTYPES = YES;
				CLANG_WARN_SUSPICIOUS_MOVE = YES;
				CLANG_WARN_UNREACHABLE_CODE = YES;
				CLANG_WARN__DUPLICATE_METHOD_MATCH = YES;
				"CODE_SIGN_IDENTITY[sdk=iphoneos*]" = "iPhone Developer";
				COPY_PHASE_STRIP = NO;
				DEBUG_INFORMATION_FORMAT = dwarf;
				ENABLE_STRICT_OBJC_MSGSEND = YES;
				ENABLE_TESTABILITY = YES;
				GCC_C_LANGUAGE_STANDARD = gnu99;
				GCC_DYNAMIC_NO_PIC = NO;
				GCC_NO_COMMON_BLOCKS = YES;
				GCC_OPTIMIZATION_LEVEL = 0;
				GCC_PREPROCESSOR_DEFINITIONS = (
					"DEBUG=1",
					"$(inherited)",
				);
				GCC_WARN_64_TO_32_BIT_CONVERSION = YES;
				GCC_WARN_ABOUT_RETURN_TYPE = YES_ERROR;
				GCC_WARN_UNDECLARED_SELECTOR = YES;
				GCC_WARN_UNINITIALIZED_AUTOS = YES_AGGRESSIVE;
				GCC_WARN_UNUSED_FUNCTION = YES;
				GCC_WARN_UNUSED_VARIABLE = YES;
				IPHONEOS_DEPLOYMENT_TARGET = 10.3;
				MTL_ENABLE_DEBUG_INFO = YES;
				ONLY_ACTIVE_ARCH = YES;
				SDKROOT = iphoneos;
				SWIFT_ACTIVE_COMPILATION_CONDITIONS = DEBUG;
				SWIFT_OPTIMIZATION_LEVEL = "-Onone";
				TARGETED_DEVICE_FAMILY = "1,2";
			};
			name = Debug;
		};
		3F0D645B1ED9F3DD000A9177 /* Release */ = {
			isa = XCBuildConfiguration;
			buildSettings = {
				ALWAYS_SEARCH_USER_PATHS = NO;
				CLANG_ANALYZER_NONNULL = YES;
				CLANG_ANALYZER_NUMBER_OBJECT_CONVERSION = YES_AGGRESSIVE;
				CLANG_CXX_LANGUAGE_STANDARD = "gnu++0x";
				CLANG_CXX_LIBRARY = "libc++";
				CLANG_ENABLE_MODULES = YES;
				CLANG_ENABLE_OBJC_ARC = YES;
				CLANG_WARN_BLOCK_CAPTURE_AUTORELEASING = YES;
				CLANG_WARN_BOOL_CONVERSION = YES;
				CLANG_WARN_COMMA = YES;
				CLANG_WARN_CONSTANT_CONVERSION = YES;
				CLANG_WARN_DIRECT_OBJC_ISA_USAGE = YES_ERROR;
				CLANG_WARN_DOCUMENTATION_COMMENTS = YES;
				CLANG_WARN_EMPTY_BODY = YES;
				CLANG_WARN_ENUM_CONVERSION = YES;
				CLANG_WARN_INFINITE_RECURSION = YES;
				CLANG_WARN_INT_CONVERSION = YES;
				CLANG_WARN_NON_LITERAL_NULL_CONVERSION = YES;
				CLANG_WARN_OBJC_LITERAL_CONVERSION = YES;
				CLANG_WARN_OBJC_ROOT_CLASS = YES_ERROR;
				CLANG_WARN_RANGE_LOOP_ANALYSIS = YES;
				CLANG_WARN_STRICT_PROTOTYPES = YES;
				CLANG_WARN_SUSPICIOUS_MOVE = YES;
				CLANG_WARN_UNREACHABLE_CODE = YES;
				CLANG_WARN__DUPLICATE_METHOD_MATCH = YES;
				"CODE_SIGN_IDENTITY[sdk=iphoneos*]" = "iPhone Developer";
				COPY_PHASE_STRIP = NO;
				DEBUG_INFORMATION_FORMAT = "dwarf-with-dsym";
				ENABLE_NS_ASSERTIONS = NO;
				ENABLE_STRICT_OBJC_MSGSEND = YES;
				GCC_C_LANGUAGE_STANDARD = gnu99;
				GCC_NO_COMMON_BLOCKS = YES;
				GCC_WARN_64_TO_32_BIT_CONVERSION = YES;
				GCC_WARN_ABOUT_RETURN_TYPE = YES_ERROR;
				GCC_WARN_UNDECLARED_SELECTOR = YES;
				GCC_WARN_UNINITIALIZED_AUTOS = YES_AGGRESSIVE;
				GCC_WARN_UNUSED_FUNCTION = YES;
				GCC_WARN_UNUSED_VARIABLE = YES;
				IPHONEOS_DEPLOYMENT_TARGET = 10.3;
				MTL_ENABLE_DEBUG_INFO = NO;
				SDKROOT = iphoneos;
				SWIFT_OPTIMIZATION_LEVEL = "-Owholemodule";
				TARGETED_DEVICE_FAMILY = "1,2";
				VALIDATE_PRODUCT = YES;
			};
			name = Release;
		};
		3F0D645D1ED9F3DD000A9177 /* Debug */ = {
			isa = XCBuildConfiguration;
			buildSettings = {
				ASSETCATALOG_COMPILER_APPICON_NAME = AppIcon;
				"CODE_SIGN_IDENTITY[sdk=iphoneos*]" = "iPhone Developer";
				CODE_SIGN_STYLE = Automatic;
				CURRENT_PROJECT_VERSION = 2;
				DEVELOPMENT_TEAM = HAH73UHZG3;
				INFOPLIST_FILE = Amateurfunk/Info.plist;
				IPHONEOS_DEPLOYMENT_TARGET = 10.3;
				LD_RUNPATH_SEARCH_PATHS = "$(inherited) @executable_path/Frameworks";
				PRODUCT_BUNDLE_IDENTIFIER = com.jeremystucki.ios.Amateurfunk;
				PRODUCT_NAME = "$(TARGET_NAME)";
				PROVISIONING_PROFILE = "";
				PROVISIONING_PROFILE_SPECIFIER = "";
				SWIFT_SWIFT3_OBJC_INFERENCE = Default;
				SWIFT_VERSION = 4.0;
				TARGETED_DEVICE_FAMILY = 1;
				VERSIONING_SYSTEM = "apple-generic";
			};
			name = Debug;
		};
		3F0D645E1ED9F3DD000A9177 /* Release */ = {
			isa = XCBuildConfiguration;
			buildSettings = {
				ASSETCATALOG_COMPILER_APPICON_NAME = AppIcon;
				"CODE_SIGN_IDENTITY[sdk=iphoneos*]" = "iPhone Developer";
				CODE_SIGN_STYLE = Automatic;
				CURRENT_PROJECT_VERSION = 2;
				DEVELOPMENT_TEAM = HAH73UHZG3;
				INFOPLIST_FILE = Amateurfunk/Info.plist;
				IPHONEOS_DEPLOYMENT_TARGET = 10.3;
				LD_RUNPATH_SEARCH_PATHS = "$(inherited) @executable_path/Frameworks";
				PRODUCT_BUNDLE_IDENTIFIER = com.jeremystucki.ios.Amateurfunk;
				PRODUCT_NAME = "$(TARGET_NAME)";
				PROVISIONING_PROFILE = "";
				PROVISIONING_PROFILE_SPECIFIER = "";
				SWIFT_SWIFT3_OBJC_INFERENCE = Default;
				SWIFT_VERSION = 4.0;
				TARGETED_DEVICE_FAMILY = 1;
				VERSIONING_SYSTEM = "apple-generic";
			};
			name = Release;
		};
		3F0D64601ED9F3DD000A9177 /* Debug */ = {
			isa = XCBuildConfiguration;
			buildSettings = {
				ALWAYS_EMBED_SWIFT_STANDARD_LIBRARIES = YES;
				BUNDLE_LOADER = "$(TEST_HOST)";
				DEVELOPMENT_TEAM = HAH73UHZG3;
				INFOPLIST_FILE = AmateurfunkTests/Info.plist;
				LD_RUNPATH_SEARCH_PATHS = "$(inherited) @executable_path/Frameworks @loader_path/Frameworks";
				PRODUCT_BUNDLE_IDENTIFIER = com.jeremystucki.ios.AmateurfunkTests;
				PRODUCT_NAME = "$(TARGET_NAME)";
				SWIFT_SWIFT3_OBJC_INFERENCE = Default;
				SWIFT_VERSION = 4.0;
				TEST_HOST = "$(BUILT_PRODUCTS_DIR)/HB3 Trainer.app/HB3 Trainer";
			};
			name = Debug;
		};
		3F0D64611ED9F3DD000A9177 /* Release */ = {
			isa = XCBuildConfiguration;
			buildSettings = {
				ALWAYS_EMBED_SWIFT_STANDARD_LIBRARIES = YES;
				BUNDLE_LOADER = "$(TEST_HOST)";
				DEVELOPMENT_TEAM = HAH73UHZG3;
				INFOPLIST_FILE = AmateurfunkTests/Info.plist;
				LD_RUNPATH_SEARCH_PATHS = "$(inherited) @executable_path/Frameworks @loader_path/Frameworks";
				PRODUCT_BUNDLE_IDENTIFIER = com.jeremystucki.ios.AmateurfunkTests;
				PRODUCT_NAME = "$(TARGET_NAME)";
				SWIFT_SWIFT3_OBJC_INFERENCE = Default;
				SWIFT_VERSION = 4.0;
				TEST_HOST = "$(BUILT_PRODUCTS_DIR)/HB3 Trainer.app/HB3 Trainer";
			};
			name = Release;
		};
		3F0D64631ED9F3DD000A9177 /* Debug */ = {
			isa = XCBuildConfiguration;
			buildSettings = {
				ALWAYS_EMBED_SWIFT_STANDARD_LIBRARIES = YES;
				DEVELOPMENT_TEAM = HAH73UHZG3;
				INFOPLIST_FILE = AmateurfunkUITests/Info.plist;
				LD_RUNPATH_SEARCH_PATHS = "$(inherited) @executable_path/Frameworks @loader_path/Frameworks";
				PRODUCT_BUNDLE_IDENTIFIER = com.jeremystucki.ios.AmateurfunkUITests;
				PRODUCT_NAME = "$(TARGET_NAME)";
				PROVISIONING_PROFILE = "";
				SWIFT_SWIFT3_OBJC_INFERENCE = Default;
				SWIFT_VERSION = 4.0;
				TEST_TARGET_NAME = "HB3 Trainer";
			};
			name = Debug;
		};
		3F0D64641ED9F3DD000A9177 /* Release */ = {
			isa = XCBuildConfiguration;
			buildSettings = {
				ALWAYS_EMBED_SWIFT_STANDARD_LIBRARIES = YES;
				DEVELOPMENT_TEAM = HAH73UHZG3;
				INFOPLIST_FILE = AmateurfunkUITests/Info.plist;
				LD_RUNPATH_SEARCH_PATHS = "$(inherited) @executable_path/Frameworks @loader_path/Frameworks";
				PRODUCT_BUNDLE_IDENTIFIER = com.jeremystucki.ios.AmateurfunkUITests;
				PRODUCT_NAME = "$(TARGET_NAME)";
				PROVISIONING_PROFILE = "";
				SWIFT_SWIFT3_OBJC_INFERENCE = Default;
				SWIFT_VERSION = 4.0;
				TEST_TARGET_NAME = "HB3 Trainer";
			};
			name = Release;
		};
/* End XCBuildConfiguration section */

/* Begin XCConfigurationList section */
		3F0D642C1ED9F3DD000A9177 /* Build configuration list for PBXProject "HB3 Trainer" */ = {
			isa = XCConfigurationList;
			buildConfigurations = (
				3F0D645A1ED9F3DD000A9177 /* Debug */,
				3F0D645B1ED9F3DD000A9177 /* Release */,
			);
			defaultConfigurationIsVisible = 0;
			defaultConfigurationName = Release;
		};
		3F0D645C1ED9F3DD000A9177 /* Build configuration list for PBXNativeTarget "HB3 Trainer" */ = {
			isa = XCConfigurationList;
			buildConfigurations = (
				3F0D645D1ED9F3DD000A9177 /* Debug */,
				3F0D645E1ED9F3DD000A9177 /* Release */,
			);
			defaultConfigurationIsVisible = 0;
			defaultConfigurationName = Release;
		};
		3F0D645F1ED9F3DD000A9177 /* Build configuration list for PBXNativeTarget "HB3 TrainerTests" */ = {
			isa = XCConfigurationList;
			buildConfigurations = (
				3F0D64601ED9F3DD000A9177 /* Debug */,
				3F0D64611ED9F3DD000A9177 /* Release */,
			);
			defaultConfigurationIsVisible = 0;
			defaultConfigurationName = Release;
		};
		3F0D64621ED9F3DD000A9177 /* Build configuration list for PBXNativeTarget "HB3 TrainerUITests" */ = {
			isa = XCConfigurationList;
			buildConfigurations = (
				3F0D64631ED9F3DD000A9177 /* Debug */,
				3F0D64641ED9F3DD000A9177 /* Release */,
			);
			defaultConfigurationIsVisible = 0;
			defaultConfigurationName = Release;
		};
/* End XCConfigurationList section */

/* Begin XCVersionGroup section */
		3F0D643B1ED9F3DD000A9177 /* Amateurfunk.xcdatamodeld */ = {
			isa = XCVersionGroup;
			children = (
				3F0D643C1ED9F3DD000A9177 /* Amateurfunk.xcdatamodel */,
			);
			currentVersion = 3F0D643C1ED9F3DD000A9177 /* Amateurfunk.xcdatamodel */;
			path = Amateurfunk.xcdatamodeld;
			sourceTree = "<group>";
			versionGroupType = wrapper.xcdatamodel;
		};
/* End XCVersionGroup section */
	};
	rootObject = 3F0D64291ED9F3DD000A9177 /* Project object */;
}
